# This file is automatically @generated by Cargo.
# It is not intended for manual editing.
version = 4

[[package]]
name = "use-currency-code"
version = "0.1.0"

[[package]]
name = "use-language"
version = "0.1.0"

[[package]]
name = "use-locale"
version = "0.1.0"
dependencies = [
 "use-currency-code",
 "use-language",
 "use-locale-match",
 "use-locale-tag",
 "use-region",
 "use-script",
 "use-time-zone-id",
 "use-timezone",
]

[[package]]
name = "use-locale-match"
version = "0.1.0"
dependencies = [
 "use-locale-tag",
]

[[package]]
name = "use-locale-tag"
version = "0.1.0"
dependencies = [
 "use-language",
 "use-region",
 "use-script",
]

[[package]]
name = "use-region"
version = "0.1.0"

[[package]]
name = "use-script"
version = "0.1.0"

[[package]]
name = "use-time-zone-id"
version = "0.1.0"

[[package]]
name = "use-timezone"
version = "0.1.0"
dependencies = [
 "use-time-zone-id",
]
